// !$*UTF8*$!
{
	archiveVersion = 1;
	classes = {
	};
	objectVersion = 50;
	objects = {

/* Begin PBXBuildFile section */
		E90E8F392457F5AE0087A3F6 /* AppDelegate.swift in Sources */ = {isa = PBXBuildFile; fileRef = E90E8F382457F5AE0087A3F6 /* AppDelegate.swift */; };
		E90E8F3B2457F5AE0087A3F6 /* SceneDelegate.swift in Sources */ = {isa = PBXBuildFile; fileRef = E90E8F3A2457F5AE0087A3F6 /* SceneDelegate.swift */; };
		E90E8F3D2457F5AE0087A3F6 /* ViewController.swift in Sources */ = {isa = PBXBuildFile; fileRef = E90E8F3C2457F5AE0087A3F6 /* ViewController.swift */; };
		E90E8F402457F5AE0087A3F6 /* Main.storyboard in Resources */ = {isa = PBXBuildFile; fileRef = E90E8F3E2457F5AE0087A3F6 /* Main.storyboard */; };
		E90E8F422457F5B20087A3F6 /* Assets.xcassets in Resources */ = {isa = PBXBuildFile; fileRef = E90E8F412457F5B20087A3F6 /* Assets.xcassets */; };
		E90E8F452457F5B20087A3F6 /* LaunchScreen.storyboard in Resources */ = {isa = PBXBuildFile; fileRef = E90E8F432457F5B20087A3F6 /* LaunchScreen.storyboard */; };
		E90E8F502457F5B20087A3F6 /* NeoSTORE_MehulTests.swift in Sources */ = {isa = PBXBuildFile; fileRef = E90E8F4F2457F5B20087A3F6 /* NeoSTORE_MehulTests.swift */; };
		E90E8F5B2457F5B20087A3F6 /* NeoSTORE_MehulUITests.swift in Sources */ = {isa = PBXBuildFile; fileRef = E90E8F5A2457F5B20087A3F6 /* NeoSTORE_MehulUITests.swift */; };
/* End PBXBuildFile section */

/* Begin PBXContainerItemProxy section */
		E90E8F4C2457F5B20087A3F6 /* PBXContainerItemProxy */ = {
			isa = PBXContainerItemProxy;
			containerPortal = E90E8F2D2457F5AE0087A3F6 /* Project object */;
			proxyType = 1;
			remoteGlobalIDString = E90E8F342457F5AE0087A3F6;
			remoteInfo = NeoSTORE_Mehul;
		};
		E90E8F572457F5B20087A3F6 /* PBXContainerItemProxy */ = {
			isa = PBXContainerItemProxy;
			containerPortal = E90E8F2D2457F5AE0087A3F6 /* Project object */;
			proxyType = 1;
			remoteGlobalIDString = E90E8F342457F5AE0087A3F6;
			remoteInfo = NeoSTORE_Mehul;
		};
/* End PBXContainerItemProxy section */

/* Begin PBXFileReference section */
		E90E8F352457F5AE0087A3F6 /* NeoSTORE_Mehul.app */ = {isa = PBXFileReference; explicitFileType = wrapper.application; includeInIndex = 0; path = NeoSTORE_Mehul.app; sourceTree = BUILT_PRODUCTS_DIR; };
		E90E8F382457F5AE0087A3F6 /* AppDelegate.swift */ = {isa = PBXFileReference; lastKnownFileType = sourcecode.swift; path = AppDelegate.swift; sourceTree = "<group>"; };
		E90E8F3A2457F5AE0087A3F6 /* SceneDelegate.swift */ = {isa = PBXFileReference; lastKnownFileType = sourcecode.swift; path = SceneDelegate.swift; sourceTree = "<group>"; };
		E90E8F3C2457F5AE0087A3F6 /* ViewController.swift */ = {isa = PBXFileReference; lastKnownFileType = sourcecode.swift; path = ViewController.swift; sourceTree = "<group>"; };
		E90E8F3F2457F5AE0087A3F6 /* Base */ = {isa = PBXFileReference; lastKnownFileType = file.storyboard; name = Base; path = Base.lproj/Main.storyboard; sourceTree = "<group>"; };
		E90E8F412457F5B20087A3F6 /* Assets.xcassets */ = {isa = PBXFileReference; lastKnownFileType = folder.assetcatalog; path = Assets.xcassets; sourceTree = "<group>"; };
		E90E8F442457F5B20087A3F6 /* Base */ = {isa = PBXFileReference; lastKnownFileType = file.storyboard; name = Base; path = Base.lproj/LaunchScreen.storyboard; sourceTree = "<group>"; };
		E90E8F462457F5B20087A3F6 /* Info.plist */ = {isa = PBXFileReference; lastKnownFileType = text.plist.xml; path = Info.plist; sourceTree = "<group>"; };
		E90E8F4B2457F5B20087A3F6 /* NeoSTORE_MehulTests.xctest */ = {isa = PBXFileReference; explicitFileType = wrapper.cfbundle; includeInIndex = 0; path = NeoSTORE_MehulTests.xctest; sourceTree = BUILT_PRODUCTS_DIR; };
		E90E8F4F2457F5B20087A3F6 /* NeoSTORE_MehulTests.swift */ = {isa = PBXFileReference; lastKnownFileType = sourcecode.swift; path = NeoSTORE_MehulTests.swift; sourceTree = "<group>"; };
		E90E8F512457F5B20087A3F6 /* Info.plist */ = {isa = PBXFileReference; lastKnownFileType = text.plist.xml; path = Info.plist; sourceTree = "<group>"; };
		E90E8F562457F5B20087A3F6 /* NeoSTORE_MehulUITests.xctest */ = {isa = PBXFileReference; explicitFileType = wrapper.cfbundle; includeInIndex = 0; path = NeoSTORE_MehulUITests.xctest; sourceTree = BUILT_PRODUCTS_DIR; };
		E90E8F5A2457F5B20087A3F6 /* NeoSTORE_MehulUITests.swift */ = {isa = PBXFileReference; lastKnownFileType = sourcecode.swift; path = NeoSTORE_MehulUITests.swift; sourceTree = "<group>"; };
		E90E8F5C2457F5B20087A3F6 /* Info.plist */ = {isa = PBXFileReference; lastKnownFileType = text.plist.xml; path = Info.plist; sourceTree = "<group>"; };
/* End PBXFileReference section */

/* Begin PBXFrameworksBuildPhase section */
		E90E8F322457F5AE0087A3F6 /* Frameworks */ = {
			isa = PBXFrameworksBuildPhase;
			buildActionMask = 2147483647;
			files = (
			);
			runOnlyForDeploymentPostprocessing = 0;
		};
		E90E8F482457F5B20087A3F6 /* Frameworks */ = {
			isa = PBXFrameworksBuildPhase;
			buildActionMask = 2147483647;
			files = (
			);
			runOnlyForDeploymentPostprocessing = 0;
		};
		E90E8F532457F5B20087A3F6 /* Frameworks */ = {
			isa = PBXFrameworksBuildPhase;
			buildActionMask = 2147483647;
			files = (
			);
			runOnlyForDeploymentPostprocessing = 0;
		};
/* End PBXFrameworksBuildPhase section */

/* Begin PBXGroup section */
		E90E8F2C2457F5AE0087A3F6 = {
			isa = PBXGroup;
			children = (
				E90E8F372457F5AE0087A3F6 /* NeoSTORE_Mehul */,
				E90E8F4E2457F5B20087A3F6 /* NeoSTORE_MehulTests */,
				E90E8F592457F5B20087A3F6 /* NeoSTORE_MehulUITests */,
				E90E8F362457F5AE0087A3F6 /* Products */,
			);
			sourceTree = "<group>";
		};
		E90E8F362457F5AE0087A3F6 /* Products */ = {
			isa = PBXGroup;
			children = (
				E90E8F352457F5AE0087A3F6 /* NeoSTORE_Mehul.app */,
				E90E8F4B2457F5B20087A3F6 /* NeoSTORE_MehulTests.xctest */,
				E90E8F562457F5B20087A3F6 /* NeoSTORE_MehulUITests.xctest */,
			);
			name = Products;
			sourceTree = "<group>";
		};
		E90E8F372457F5AE0087A3F6 /* NeoSTORE_Mehul */ = {
			isa = PBXGroup;
			children = (
				E90E8F382457F5AE0087A3F6 /* AppDelegate.swift */,
				E90E8F3A2457F5AE0087A3F6 /* SceneDelegate.swift */,
				E90E8F3C2457F5AE0087A3F6 /* ViewController.swift */,
				E90E8F3E2457F5AE0087A3F6 /* Main.storyboard */,
				E90E8F412457F5B20087A3F6 /* Assets.xcassets */,
				E90E8F432457F5B20087A3F6 /* LaunchScreen.storyboard */,
				E90E8F462457F5B20087A3F6 /* Info.plist */,
			);
			path = NeoSTORE_Mehul;
			sourceTree = "<group>";
		};
		E90E8F4E2457F5B20087A3F6 /* NeoSTORE_MehulTests */ = {
			isa = PBXGroup;
			children = (
				E90E8F4F2457F5B20087A3F6 /* NeoSTORE_MehulTests.swift */,
				E90E8F512457F5B20087A3F6 /* Info.plist */,
			);
			path = NeoSTORE_MehulTests;
			sourceTree = "<group>";
		};
		E90E8F592457F5B20087A3F6 /* NeoSTORE_MehulUITests */ = {
			isa = PBXGroup;
			children = (
				E90E8F5A2457F5B20087A3F6 /* NeoSTORE_MehulUITests.swift */,
				E90E8F5C2457F5B20087A3F6 /* Info.plist */,
			);
			path = NeoSTORE_MehulUITests;
			sourceTree = "<group>";
		};
/* End PBXGroup section */

/* Begin PBXNativeTarget section */
		E90E8F342457F5AE0087A3F6 /* NeoSTORE_Mehul */ = {
			isa = PBXNativeTarget;
			buildConfigurationList = E90E8F5F2457F5B20087A3F6 /* Build configuration list for PBXNativeTarget "NeoSTORE_Mehul" */;
			buildPhases = (
				E90E8F312457F5AE0087A3F6 /* Sources */,
				E90E8F322457F5AE0087A3F6 /* Frameworks */,
				E90E8F332457F5AE0087A3F6 /* Resources */,
			);
			buildRules = (
			);
			dependencies = (
			);
			name = NeoSTORE_Mehul;
			productName = NeoSTORE_Mehul;
			productReference = E90E8F352457F5AE0087A3F6 /* NeoSTORE_Mehul.app */;
			productType = "com.apple.product-type.application";
		};
		E90E8F4A2457F5B20087A3F6 /* NeoSTORE_MehulTests */ = {
			isa = PBXNativeTarget;
			buildConfigurationList = E90E8F622457F5B20087A3F6 /* Build configuration list for PBXNativeTarget "NeoSTORE_MehulTests" */;
			buildPhases = (
				E90E8F472457F5B20087A3F6 /* Sources */,
				E90E8F482457F5B20087A3F6 /* Frameworks */,
				E90E8F492457F5B20087A3F6 /* Resources */,
			);
			buildRules = (
			);
			dependencies = (
				E90E8F4D2457F5B20087A3F6 /* PBXTargetDependency */,
			);
			name = NeoSTORE_MehulTests;
			productName = NeoSTORE_MehulTests;
			productReference = E90E8F4B2457F5B20087A3F6 /* NeoSTORE_MehulTests.xctest */;
			productType = "com.apple.product-type.bundle.unit-test";
		};
		E90E8F552457F5B20087A3F6 /* NeoSTORE_MehulUITests */ = {
			isa = PBXNativeTarget;
			buildConfigurationList = E90E8F652457F5B20087A3F6 /* Build configuration list for PBXNativeTarget "NeoSTORE_MehulUITests" */;
			buildPhases = (
				E90E8F522457F5B20087A3F6 /* Sources */,
				E90E8F532457F5B20087A3F6 /* Frameworks */,
				E90E8F542457F5B20087A3F6 /* Resources */,
			);
			buildRules = (
			);
			dependencies = (
				E90E8F582457F5B20087A3F6 /* PBXTargetDependency */,
			);
			name = NeoSTORE_MehulUITests;
			productName = NeoSTORE_MehulUITests;
			productReference = E90E8F562457F5B20087A3F6 /* NeoSTORE_MehulUITests.xctest */;
			productType = "com.apple.product-type.bundle.ui-testing";
		};
/* End PBXNativeTarget section */

/* Begin PBXProject section */
		E90E8F2D2457F5AE0087A3F6 /* Project object */ = {
			isa = PBXProject;
			attributes = {
				LastSwiftUpdateCheck = 1140;
				LastUpgradeCheck = 1140;
				ORGANIZATIONNAME = webwerks;
				TargetAttributes = {
					E90E8F342457F5AE0087A3F6 = {
						CreatedOnToolsVersion = 11.4.1;
					};
					E90E8F4A2457F5B20087A3F6 = {
						CreatedOnToolsVersion = 11.4.1;
						TestTargetID = E90E8F342457F5AE0087A3F6;
					};
					E90E8F552457F5B20087A3F6 = {
						CreatedOnToolsVersion = 11.4.1;
						TestTargetID = E90E8F342457F5AE0087A3F6;
					};
				};
			};
			buildConfigurationList = E90E8F302457F5AE0087A3F6 /* Build configuration list for PBXProject "NeoSTORE_Mehul" */;
			compatibilityVersion = "Xcode 9.3";
			developmentRegion = en;
			hasScannedForEncodings = 0;
			knownRegions = (
				en,
				Base,
			);
			mainGroup = E90E8F2C2457F5AE0087A3F6;
			productRefGroup = E90E8F362457F5AE0087A3F6 /* Products */;
			projectDirPath = "";
			projectRoot = "";
			targets = (
				E90E8F342457F5AE0087A3F6 /* NeoSTORE_Mehul */,
				E90E8F4A2457F5B20087A3F6 /* NeoSTORE_MehulTests */,
				E90E8F552457F5B20087A3F6 /* NeoSTORE_MehulUITests */,
			);
		};
/* End PBXProject section */

/* Begin PBXResourcesBuildPhase section */
		E90E8F332457F5AE0087A3F6 /* Resources */ = {
			isa = PBXResourcesBuildPhase;
			buildActionMask = 2147483647;
			files = (
				E90E8F452457F5B20087A3F6 /* LaunchScreen.storyboard in Resources */,
				E90E8F422457F5B20087A3F6 /* Assets.xcassets in Resources */,
				E90E8F402457F5AE0087A3F6 /* Main.storyboard in Resources */,
			);
			runOnlyForDeploymentPostprocessing = 0;
		};
		E90E8F492457F5B20087A3F6 /* Resources */ = {
			isa = PBXResourcesBuildPhase;
			buildActionMask = 2147483647;
			files = (
			);
			runOnlyForDeploymentPostprocessing = 0;
		};
		E90E8F542457F5B20087A3F6 /* Resources */ = {
			isa = PBXResourcesBuildPhase;
			buildActionMask = 2147483647;
			files = (
			);
			runOnlyForDeploymentPostprocessing = 0;
		};
/* End PBXResourcesBuildPhase section */

/* Begin PBXSourcesBuildPhase section */
		E90E8F312457F5AE0087A3F6 /* Sources */ = {
			isa = PBXSourcesBuildPhase;
			buildActionMask = 2147483647;
			files = (
				E90E8F3D2457F5AE0087A3F6 /* ViewController.swift in Sources */,
				E90E8F392457F5AE0087A3F6 /* AppDelegate.swift in Sources */,
				E90E8F3B2457F5AE0087A3F6 /* SceneDelegate.swift in Sources */,
			);
			runOnlyForDeploymentPostprocessing = 0;
		};
		E90E8F472457F5B20087A3F6 /* Sources */ = {
			isa = PBXSourcesBuildPhase;
			buildActionMask = 2147483647;
			files = (
				E90E8F502457F5B20087A3F6 /* NeoSTORE_MehulTests.swift in Sources */,
			);
			runOnlyForDeploymentPostprocessing = 0;
		};
		E90E8F522457F5B20087A3F6 /* Sources */ = {
			isa = PBXSourcesBuildPhase;
			buildActionMask = 2147483647;
			files = (
				E90E8F5B2457F5B20087A3F6 /* NeoSTORE_MehulUITests.swift in Sources */,
			);
			runOnlyForDeploymentPostprocessing = 0;
		};
/* End PBXSourcesBuildPhase section */

/* Begin PBXTargetDependency section */
		E90E8F4D2457F5B20087A3F6 /* PBXTargetDependency */ = {
			isa = PBXTargetDependency;
			target = E90E8F342457F5AE0087A3F6 /* NeoSTORE_Mehul */;
			targetProxy = E90E8F4C2457F5B20087A3F6 /* PBXContainerItemProxy */;
		};
		E90E8F582457F5B20087A3F6 /* PBXTargetDependency */ = {
			isa = PBXTargetDependency;
			target = E90E8F342457F5AE0087A3F6 /* NeoSTORE_Mehul */;
			targetProxy = E90E8F572457F5B20087A3F6 /* PBXContainerItemProxy */;
		};
/* End PBXTargetDependency section */

/* Begin PBXVariantGroup section */
		E90E8F3E2457F5AE0087A3F6 /* Main.storyboard */ = {
			isa = PBXVariantGroup;
			children = (
				E90E8F3F2457F5AE0087A3F6 /* Base */,
			);
			name = Main.storyboard;
			sourceTree = "<group>";
		};
		E90E8F432457F5B20087A3F6 /* LaunchScreen.storyboard */ = {
			isa = PBXVariantGroup;
			children = (
				E90E8F442457F5B20087A3F6 /* Base */,
			);
			name = LaunchScreen.storyboard;
			sourceTree = "<group>";
		};
/* End PBXVariantGroup section */

/* Begin XCBuildConfiguration section */
		E90E8F5D2457F5B20087A3F6 /* Debug */ = {
			isa = XCBuildConfiguration;
			buildSettings = {
				ALWAYS_SEARCH_USER_PATHS = NO;
				CLANG_ANALYZER_NONNULL = YES;
				CLANG_ANALYZER_NUMBER_OBJECT_CONVERSION = YES_AGGRESSIVE;
				CLANG_CXX_LANGUAGE_STANDARD = "gnu++14";
				CLANG_CXX_LIBRARY = "libc++";
				CLANG_ENABLE_MODULES = YES;
				CLANG_ENABLE_OBJC_ARC = YES;
				CLANG_ENABLE_OBJC_WEAK = YES;
				CLANG_WARN_BLOCK_CAPTURE_AUTORELEASING = YES;
				CLANG_WARN_BOOL_CONVERSION = YES;
				CLANG_WARN_COMMA = YES;
				CLANG_WARN_CONSTANT_CONVERSION = YES;
				CLANG_WARN_DEPRECATED_OBJC_IMPLEMENTATIONS = YES;
				CLANG_WARN_DIRECT_OBJC_ISA_USAGE = YES_ERROR;
				CLANG_WARN_DOCUMENTATION_COMMENTS = YES;
				CLANG_WARN_EMPTY_BODY = YES;
				CLANG_WARN_ENUM_CONVERSION = YES;
				CLANG_WARN_INFINITE_RECURSION = YES;
				CLANG_WARN_INT_CONVERSION = YES;
				CLANG_WARN_NON_LITERAL_NULL_CONVERSION = YES;
				CLANG_WARN_OBJC_IMPLICIT_RETAIN_SELF = YES;
				CLANG_WARN_OBJC_LITERAL_CONVERSION = YES;
				CLANG_WARN_OBJC_ROOT_CLASS = YES_ERROR;
				CLANG_WARN_RANGE_LOOP_ANALYSIS = YES;
				CLANG_WARN_STRICT_PROTOTYPES = YES;
				CLANG_WARN_SUSPICIOUS_MOVE = YES;
				CLANG_WARN_UNGUARDED_AVAILABILITY = YES_AGGRESSIVE;
				CLANG_WARN_UNREACHABLE_CODE = YES;
				CLANG_WARN__DUPLICATE_METHOD_MATCH = YES;
				COPY_PHASE_STRIP = NO;
				DEBUG_INFORMATION_FORMAT = dwarf;
				ENABLE_STRICT_OBJC_MSGSEND = YES;
				ENABLE_TESTABILITY = YES;
				GCC_C_LANGUAGE_STANDARD = gnu11;
				GCC_DYNAMIC_NO_PIC = NO;
				GCC_NO_COMMON_BLOCKS = YES;
				GCC_OPTIMIZATION_LEVEL = 0;
				GCC_PREPROCESSOR_DEFINITIONS = (
					"DEBUG=1",
					"$(inherited)",
				);
				GCC_WARN_64_TO_32_BIT_CONVERSION = YES;
				GCC_WARN_ABOUT_RETURN_TYPE = YES_ERROR;
				GCC_WARN_UNDECLARED_SELECTOR = YES;
				GCC_WARN_UNINITIALIZED_AUTOS = YES_AGGRESSIVE;
				GCC_WARN_UNUSED_FUNCTION = YES;
				GCC_WARN_UNUSED_VARIABLE = YES;
				IPHONEOS_DEPLOYMENT_TARGET = 13.4;
				MTL_ENABLE_DEBUG_INFO = INCLUDE_SOURCE;
				MTL_FAST_MATH = YES;
				ONLY_ACTIVE_ARCH = YES;
				SDKROOT = iphoneos;
				SWIFT_ACTIVE_COMPILATION_CONDITIONS = DEBUG;
				SWIFT_OPTIMIZATION_LEVEL = "-Onone";
			};
			name = Debug;
		};
		E90E8F5E2457F5B20087A3F6 /* Release */ = {
			isa = XCBuildConfiguration;
			buildSettings = {
				ALWAYS_SEARCH_USER_PATHS = NO;
				CLANG_ANALYZER_NONNULL = YES;
				CLANG_ANALYZER_NUMBER_OBJECT_CONVERSION = YES_AGGRESSIVE;
				CLANG_CXX_LANGUAGE_STANDARD = "gnu++14";
				CLANG_CXX_LIBRARY = "libc++";
				CLANG_ENABLE_MODULES = YES;
				CLANG_ENABLE_OBJC_ARC = YES;
				CLANG_ENABLE_OBJC_WEAK = YES;
				CLANG_WARN_BLOCK_CAPTURE_AUTORELEASING = YES;
				CLANG_WARN_BOOL_CONVERSION = YES;
				CLANG_WARN_COMMA = YES;
				CLANG_WARN_CONSTANT_CONVERSION = YES;
				CLANG_WARN_DEPRECATED_OBJC_IMPLEMENTATIONS = YES;
				CLANG_WARN_DIRECT_OBJC_ISA_USAGE = YES_ERROR;
				CLANG_WARN_DOCUMENTATION_COMMENTS = YES;
				CLANG_WARN_EMPTY_BODY = YES;
				CLANG_WARN_ENUM_CONVERSION = YES;
				CLANG_WARN_INFINITE_RECURSION = YES;
				CLANG_WARN_INT_CONVERSION = YES;
				CLANG_WARN_NON_LITERAL_NULL_CONVERSION = YES;
				CLANG_WARN_OBJC_IMPLICIT_RETAIN_SELF = YES;
				CLANG_WARN_OBJC_LITERAL_CONVERSION = YES;
				CLANG_WARN_OBJC_ROOT_CLASS = YES_ERROR;
				CLANG_WARN_RANGE_LOOP_ANALYSIS = YES;
				CLANG_WARN_STRICT_PROTOTYPES = YES;
				CLANG_WARN_SUSPICIOUS_MOVE = YES;
				CLANG_WARN_UNGUARDED_AVAILABILITY = YES_AGGRESSIVE;
				CLANG_WARN_UNREACHABLE_CODE = YES;
				CLANG_WARN__DUPLICATE_METHOD_MATCH = YES;
				COPY_PHASE_STRIP = NO;
				DEBUG_INFORMATION_FORMAT = "dwarf-with-dsym";
				ENABLE_NS_ASSERTIONS = NO;
				ENABLE_STRICT_OBJC_MSGSEND = YES;
				GCC_C_LANGUAGE_STANDARD = gnu11;
				GCC_NO_COMMON_BLOCKS = YES;
				GCC_WARN_64_TO_32_BIT_CONVERSION = YES;
				GCC_WARN_ABOUT_RETURN_TYPE = YES_ERROR;
				GCC_WARN_UNDECLARED_SELECTOR = YES;
				GCC_WARN_UNINITIALIZED_AUTOS = YES_AGGRESSIVE;
				GCC_WARN_UNUSED_FUNCTION = YES;
				GCC_WARN_UNUSED_VARIABLE = YES;
				IPHONEOS_DEPLOYMENT_TARGET = 13.4;
				MTL_ENABLE_DEBUG_INFO = NO;
				MTL_FAST_MATH = YES;
				SDKROOT = iphoneos;
				SWIFT_COMPILATION_MODE = wholemodule;
				SWIFT_OPTIMIZATION_LEVEL = "-O";
				VALIDATE_PRODUCT = YES;
			};
			name = Release;
		};
		E90E8F602457F5B20087A3F6 /* Debug */ = {
			isa = XCBuildConfiguration;
			buildSettings = {
				ASSETCATALOG_COMPILER_APPICON_NAME = AppIcon;
				CODE_SIGN_STYLE = Automatic;
				INFOPLIST_FILE = NeoSTORE_Mehul/Info.plist;
				LD_RUNPATH_SEARCH_PATHS = (
					"$(inherited)",
					"@executable_path/Frameworks",
				);
				PRODUCT_BUNDLE_IDENTIFIER = "com.HelloWorld.NeoSTORE-Mehul";
				PRODUCT_NAME = "$(TARGET_NAME)";
				SWIFT_VERSION = 5.0;
				TARGETED_DEVICE_FAMILY = "1,2";
			};
			name = Debug;
		};
		E90E8F612457F5B20087A3F6 /* Release */ = {
			isa = XCBuildConfiguration;
			buildSettings = {
				ASSETCATALOG_COMPILER_APPICON_NAME = AppIcon;
				CODE_SIGN_STYLE = Automatic;
				INFOPLIST_FILE = NeoSTORE_Mehul/Info.plist;
				LD_RUNPATH_SEARCH_PATHS = (
					"$(inherited)",
					"@executable_path/Frameworks",
				);
				PRODUCT_BUNDLE_IDENTIFIER = "com.HelloWorld.NeoSTORE-Mehul";
				PRODUCT_NAME = "$(TARGET_NAME)";
				SWIFT_VERSION = 5.0;
				TARGETED_DEVICE_FAMILY = "1,2";
			};
			name = Release;
		};
		E90E8F632457F5B20087A3F6 /* Debug */ = {
			isa = XCBuildConfiguration;
			buildSettings = {
				ALWAYS_EMBED_SWIFT_STANDARD_LIBRARIES = YES;
				BUNDLE_LOADER = "$(TEST_HOST)";
				CODE_SIGN_STYLE = Automatic;
				INFOPLIST_FILE = NeoSTORE_MehulTests/Info.plist;
				IPHONEOS_DEPLOYMENT_TARGET = 13.4;
				LD_RUNPATH_SEARCH_PATHS = (
					"$(inherited)",
					"@executable_path/Frameworks",
					"@loader_path/Frameworks",
				);
				PRODUCT_BUNDLE_IDENTIFIER = "com.HelloWorld.NeoSTORE-MehulTests";
				PRODUCT_NAME = "$(TARGET_NAME)";
				SWIFT_VERSION = 5.0;
				TARGETED_DEVICE_FAMILY = "1,2";
				TEST_HOST = "$(BUILT_PRODUCTS_DIR)/NeoSTORE_Mehul.app/NeoSTORE_Mehul";
			};
			name = Debug;
		};
		E90E8F642457F5B20087A3F6 /* Release */ = {
			isa = XCBuildConfiguration;
			buildSettings = {
				ALWAYS_EMBED_SWIFT_STANDARD_LIBRARIES = YES;
				BUNDLE_LOADER = "$(TEST_HOST)";
				CODE_SIGN_STYLE = Automatic;
				INFOPLIST_FILE = NeoSTORE_MehulTests/Info.plist;
				IPHONEOS_DEPLOYMENT_TARGET = 13.4;
				LD_RUNPATH_SEARCH_PATHS = (
					"$(inherited)",
					"@executable_path/Frameworks",
					"@loader_path/Frameworks",
				);
				PRODUCT_BUNDLE_IDENTIFIER = "com.HelloWorld.NeoSTORE-MehulTests";
				PRODUCT_NAME = "$(TARGET_NAME)";
				SWIFT_VERSION = 5.0;
				TARGETED_DEVICE_FAMILY = "1,2";
				TEST_HOST = "$(BUILT_PRODUCTS_DIR)/NeoSTORE_Mehul.app/NeoSTORE_Mehul";
			};
			name = Release;
		};
		E90E8F662457F5B20087A3F6 /* Debug */ = {
			isa = XCBuildConfiguration;
			buildSettings = {
				ALWAYS_EMBED_SWIFT_STANDARD_LIBRARIES = YES;
				CODE_SIGN_STYLE = Automatic;
				INFOPLIST_FILE = NeoSTORE_MehulUITests/Info.plist;
				LD_RUNPATH_SEARCH_PATHS = (
					"$(inherited)",
					"@executable_path/Frameworks",
					"@loader_path/Frameworks",
				);
				PRODUCT_BUNDLE_IDENTIFIER = "com.HelloWorld.NeoSTORE-MehulUITests";
				PRODUCT_NAME = "$(TARGET_NAME)";
				SWIFT_VERSION = 5.0;
				TARGETED_DEVICE_FAMILY = "1,2";
				TEST_TARGET_NAME = NeoSTORE_Mehul;
			};
			name = Debug;
		};
		E90E8F672457F5B20087A3F6 /* Release */ = {
			isa = XCBuildConfiguration;
			buildSettings = {
				ALWAYS_EMBED_SWIFT_STANDARD_LIBRARIES = YES;
				CODE_SIGN_STYLE = Automatic;
				INFOPLIST_FILE = NeoSTORE_MehulUITests/Info.plist;
				LD_RUNPATH_SEARCH_PATHS = (
					"$(inherited)",
					"@executable_path/Frameworks",
					"@loader_path/Frameworks",
				);
				PRODUCT_BUNDLE_IDENTIFIER = "com.HelloWorld.NeoSTORE-MehulUITests";
				PRODUCT_NAME = "$(TARGET_NAME)";
				SWIFT_VERSION = 5.0;
				TARGETED_DEVICE_FAMILY = "1,2";
				TEST_TARGET_NAME = NeoSTORE_Mehul;
			};
			name = Release;
		};
/* End XCBuildConfiguration section */

/* Begin XCConfigurationList section */
		E90E8F302457F5AE0087A3F6 /* Build configuration list for PBXProject "NeoSTORE_Mehul" */ = {
			isa = XCConfigurationList;
			buildConfigurations = (
				E90E8F5D2457F5B20087A3F6 /* Debug */,
				E90E8F5E2457F5B20087A3F6 /* Release */,
			);
			defaultConfigurationIsVisible = 0;
			defaultConfigurationName = Release;
		};
		E90E8F5F2457F5B20087A3F6 /* Build configuration list for PBXNativeTarget "NeoSTORE_Mehul" */ = {
			isa = XCConfigurationList;
			buildConfigurations = (
				E90E8F602457F5B20087A3F6 /* Debug */,
				E90E8F612457F5B20087A3F6 /* Release */,
			);
			defaultConfigurationIsVisible = 0;
			defaultConfigurationName = Release;
		};
		E90E8F622457F5B20087A3F6 /* Build configuration list for PBXNativeTarget "NeoSTORE_MehulTests" */ = {
			isa = XCConfigurationList;
			buildConfigurations = (
				E90E8F632457F5B20087A3F6 /* Debug */,
				E90E8F642457F5B20087A3F6 /* Release */,
			);
			defaultConfigurationIsVisible = 0;
			defaultConfigurationName = Release;
		};
		E90E8F652457F5B20087A3F6 /* Build configuration list for PBXNativeTarget "NeoSTORE_MehulUITests" */ = {
			isa = XCConfigurationList;
			buildConfigurations = (
				E90E8F662457F5B20087A3F6 /* Debug */,
				E90E8F672457F5B20087A3F6 /* Release */,
			);
			defaultConfigurationIsVisible = 0;
			defaultConfigurationName = Release;
		};
/* End XCConfigurationList section */
	};
	rootObject = E90E8F2D2457F5AE0087A3F6 /* Project object */;
}
